// !$*UTF8*$!
{
	archiveVersion = 1;
	classes = {
	};
	objectVersion = 56;
	objects = {

/* Begin PBXBuildFile section */
		1338DE0B2C2A916F004DF6B5 /* AppDelegate.swift in Sources */ = {isa = PBXBuildFile; fileRef = 1338DE0A2C2A916F004DF6B5 /* AppDelegate.swift */; };
		1338DE0D2C2A916F004DF6B5 /* SceneDelegate.swift in Sources */ = {isa = PBXBuildFile; fileRef = 1338DE0C2C2A916F004DF6B5 /* SceneDelegate.swift */; };
		1338DE0F2C2A916F004DF6B5 /* ViewController.swift in Sources */ = {isa = PBXBuildFile; fileRef = 1338DE0E2C2A916F004DF6B5 /* ViewController.swift */; };
		1338DE122C2A916F004DF6B5 /* Main.storyboard in Resources */ = {isa = PBXBuildFile; fileRef = 1338DE102C2A916F004DF6B5 /* Main.storyboard */; };
		1338DE142C2A9170004DF6B5 /* Assets.xcassets in Resources */ = {isa = PBXBuildFile; fileRef = 1338DE132C2A9170004DF6B5 /* Assets.xcassets */; };
		1338DE222C2A9170004DF6B5 /* BipzonTests.swift in Sources */ = {isa = PBXBuildFile; fileRef = 1338DE212C2A9170004DF6B5 /* BipzonTests.swift */; };
		1338DE2C2C2A9170004DF6B5 /* BipzonUITests.swift in Sources */ = {isa = PBXBuildFile; fileRef = 1338DE2B2C2A9170004DF6B5 /* BipzonUITests.swift */; };
		1338DE2E2C2A9170004DF6B5 /* BipzonUITestsLaunchTests.swift in Sources */ = {isa = PBXBuildFile; fileRef = 1338DE2D2C2A9170004DF6B5 /* BipzonUITestsLaunchTests.swift */; };
		1338DE3B2C2A94F0004DF6B5 /* GoogleService-Info.plist in Resources */ = {isa = PBXBuildFile; fileRef = 1338DE3A2C2A94F0004DF6B5 /* GoogleService-Info.plist */; };
		1338DE3F2C2AC97F004DF6B5 /* ProductApi.swift in Sources */ = {isa = PBXBuildFile; fileRef = 1338DE3E2C2AC97F004DF6B5 /* ProductApi.swift */; };
		1338DE412C2ACA3F004DF6B5 /* ProductModel.swift in Sources */ = {isa = PBXBuildFile; fileRef = 1338DE402C2ACA3F004DF6B5 /* ProductModel.swift */; };
		1338DE432C2AD300004DF6B5 /* RegisterViewController.swift in Sources */ = {isa = PBXBuildFile; fileRef = 1338DE422C2AD300004DF6B5 /* RegisterViewController.swift */; };
		1338DE452C2AD32A004DF6B5 /* LoginViewController.swift in Sources */ = {isa = PBXBuildFile; fileRef = 1338DE442C2AD32A004DF6B5 /* LoginViewController.swift */; };
		1338DE4C2C2ADC48004DF6B5 /* LaunchScreen.storyboard in Resources */ = {isa = PBXBuildFile; fileRef = 1338DE4B2C2ADC48004DF6B5 /* LaunchScreen.storyboard */; };
		13DBF0AF2C2B5A70000BE1FD /* ShopViewController.swift in Sources */ = {isa = PBXBuildFile; fileRef = 13DBF0AE2C2B5A70000BE1FD /* ShopViewController.swift */; };
		13DBF0B22C2B5E70000BE1FD /* ProductCollectionViewCell.swift in Sources */ = {isa = PBXBuildFile; fileRef = 13DBF0B02C2B5E70000BE1FD /* ProductCollectionViewCell.swift */; };
		13DBF0B32C2B5E70000BE1FD /* ProductCollectionViewCell.xib in Resources */ = {isa = PBXBuildFile; fileRef = 13DBF0B12C2B5E70000BE1FD /* ProductCollectionViewCell.xib */; };
		13E1BADF2C2F5AD500F01F7B /* ProductDetailViewController.swift in Sources */ = {isa = PBXBuildFile; fileRef = 13E1BADE2C2F5AD500F01F7B /* ProductDetailViewController.swift */; };
		9A9E6DF6E26449B400953DF2 /* Pods_Bipzon.framework in Frameworks */ = {isa = PBXBuildFile; fileRef = 82237731F729BFA78F01C45A /* Pods_Bipzon.framework */; };
/* End PBXBuildFile section */

/* Begin PBXContainerItemProxy section */
		1338DE1E2C2A9170004DF6B5 /* PBXContainerItemProxy */ = {
			isa = PBXContainerItemProxy;
			containerPortal = 1338DDFF2C2A916F004DF6B5 /* Project object */;
			proxyType = 1;
			remoteGlobalIDString = 1338DE062C2A916F004DF6B5;
			remoteInfo = Bipzon;
		};
		1338DE282C2A9170004DF6B5 /* PBXContainerItemProxy */ = {
			isa = PBXContainerItemProxy;
			containerPortal = 1338DDFF2C2A916F004DF6B5 /* Project object */;
			proxyType = 1;
			remoteGlobalIDString = 1338DE062C2A916F004DF6B5;
			remoteInfo = Bipzon;
		};
/* End PBXContainerItemProxy section */

/* Begin PBXFileReference section */
		00DD4A5BD89AE67C98575ADF /* Pods-Bipzon.release.xcconfig */ = {isa = PBXFileReference; includeInIndex = 1; lastKnownFileType = text.xcconfig; name = "Pods-Bipzon.release.xcconfig"; path = "Target Support Files/Pods-Bipzon/Pods-Bipzon.release.xcconfig"; sourceTree = "<group>"; };
		1338DE072C2A916F004DF6B5 /* Bipzon.app */ = {isa = PBXFileReference; explicitFileType = wrapper.application; includeInIndex = 0; path = Bipzon.app; sourceTree = BUILT_PRODUCTS_DIR; };
		1338DE0A2C2A916F004DF6B5 /* AppDelegate.swift */ = {isa = PBXFileReference; lastKnownFileType = sourcecode.swift; path = AppDelegate.swift; sourceTree = "<group>"; };
		1338DE0C2C2A916F004DF6B5 /* SceneDelegate.swift */ = {isa = PBXFileReference; lastKnownFileType = sourcecode.swift; path = SceneDelegate.swift; sourceTree = "<group>"; };
		1338DE0E2C2A916F004DF6B5 /* ViewController.swift */ = {isa = PBXFileReference; lastKnownFileType = sourcecode.swift; path = ViewController.swift; sourceTree = "<group>"; };
		1338DE112C2A916F004DF6B5 /* Base */ = {isa = PBXFileReference; lastKnownFileType = file.storyboard; name = Base; path = Base.lproj/Main.storyboard; sourceTree = "<group>"; };
		1338DE132C2A9170004DF6B5 /* Assets.xcassets */ = {isa = PBXFileReference; lastKnownFileType = folder.assetcatalog; path = Assets.xcassets; sourceTree = "<group>"; };
		1338DE182C2A9170004DF6B5 /* Info.plist */ = {isa = PBXFileReference; lastKnownFileType = text.plist.xml; path = Info.plist; sourceTree = "<group>"; };
		1338DE1D2C2A9170004DF6B5 /* BipzonTests.xctest */ = {isa = PBXFileReference; explicitFileType = wrapper.cfbundle; includeInIndex = 0; path = BipzonTests.xctest; sourceTree = BUILT_PRODUCTS_DIR; };
		1338DE212C2A9170004DF6B5 /* BipzonTests.swift */ = {isa = PBXFileReference; lastKnownFileType = sourcecode.swift; path = BipzonTests.swift; sourceTree = "<group>"; };
		1338DE272C2A9170004DF6B5 /* BipzonUITests.xctest */ = {isa = PBXFileReference; explicitFileType = wrapper.cfbundle; includeInIndex = 0; path = BipzonUITests.xctest; sourceTree = BUILT_PRODUCTS_DIR; };
		1338DE2B2C2A9170004DF6B5 /* BipzonUITests.swift */ = {isa = PBXFileReference; lastKnownFileType = sourcecode.swift; path = BipzonUITests.swift; sourceTree = "<group>"; };
		1338DE2D2C2A9170004DF6B5 /* BipzonUITestsLaunchTests.swift */ = {isa = PBXFileReference; lastKnownFileType = sourcecode.swift; path = BipzonUITestsLaunchTests.swift; sourceTree = "<group>"; };
		1338DE3A2C2A94F0004DF6B5 /* GoogleService-Info.plist */ = {isa = PBXFileReference; fileEncoding = 4; lastKnownFileType = text.plist.xml; path = "GoogleService-Info.plist"; sourceTree = "<group>"; };
		1338DE3E2C2AC97F004DF6B5 /* ProductApi.swift */ = {isa = PBXFileReference; lastKnownFileType = sourcecode.swift; path = ProductApi.swift; sourceTree = "<group>"; };
		1338DE402C2ACA3F004DF6B5 /* ProductModel.swift */ = {isa = PBXFileReference; lastKnownFileType = sourcecode.swift; path = ProductModel.swift; sourceTree = "<group>"; };
		1338DE422C2AD300004DF6B5 /* RegisterViewController.swift */ = {isa = PBXFileReference; lastKnownFileType = sourcecode.swift; path = RegisterViewController.swift; sourceTree = "<group>"; };
		1338DE442C2AD32A004DF6B5 /* LoginViewController.swift */ = {isa = PBXFileReference; lastKnownFileType = sourcecode.swift; path = LoginViewController.swift; sourceTree = "<group>"; };
		1338DE4B2C2ADC48004DF6B5 /* LaunchScreen.storyboard */ = {isa = PBXFileReference; fileEncoding = 4; lastKnownFileType = file.storyboard; path = LaunchScreen.storyboard; sourceTree = "<group>"; };
		13DBF0AE2C2B5A70000BE1FD /* ShopViewController.swift */ = {isa = PBXFileReference; lastKnownFileType = sourcecode.swift; path = ShopViewController.swift; sourceTree = "<group>"; };
		13DBF0B02C2B5E70000BE1FD /* ProductCollectionViewCell.swift */ = {isa = PBXFileReference; lastKnownFileType = sourcecode.swift; path = ProductCollectionViewCell.swift; sourceTree = "<group>"; };
		13DBF0B12C2B5E70000BE1FD /* ProductCollectionViewCell.xib */ = {isa = PBXFileReference; lastKnownFileType = file.xib; path = ProductCollectionViewCell.xib; sourceTree = "<group>"; };
		13E1BADE2C2F5AD500F01F7B /* ProductDetailViewController.swift */ = {isa = PBXFileReference; lastKnownFileType = sourcecode.swift; path = ProductDetailViewController.swift; sourceTree = "<group>"; };
		82237731F729BFA78F01C45A /* Pods_Bipzon.framework */ = {isa = PBXFileReference; explicitFileType = wrapper.framework; includeInIndex = 0; path = Pods_Bipzon.framework; sourceTree = BUILT_PRODUCTS_DIR; };
		A44450FA8102ADEEC85583E1 /* Pods-Bipzon.debug.xcconfig */ = {isa = PBXFileReference; includeInIndex = 1; lastKnownFileType = text.xcconfig; name = "Pods-Bipzon.debug.xcconfig"; path = "Target Support Files/Pods-Bipzon/Pods-Bipzon.debug.xcconfig"; sourceTree = "<group>"; };
/* End PBXFileReference section */

/* Begin PBXFrameworksBuildPhase section */
		1338DE042C2A916F004DF6B5 /* Frameworks */ = {
			isa = PBXFrameworksBuildPhase;
			buildActionMask = 2147483647;
			files = (
				9A9E6DF6E26449B400953DF2 /* Pods_Bipzon.framework in Frameworks */,
			);
			runOnlyForDeploymentPostprocessing = 0;
		};
		1338DE1A2C2A9170004DF6B5 /* Frameworks */ = {
			isa = PBXFrameworksBuildPhase;
			buildActionMask = 2147483647;
			files = (
			);
			runOnlyForDeploymentPostprocessing = 0;
		};
		1338DE242C2A9170004DF6B5 /* Frameworks */ = {
			isa = PBXFrameworksBuildPhase;
			buildActionMask = 2147483647;
			files = (
			);
			runOnlyForDeploymentPostprocessing = 0;
		};
/* End PBXFrameworksBuildPhase section */

/* Begin PBXGroup section */
		1338DDFE2C2A916E004DF6B5 = {
			isa = PBXGroup;
			children = (
				1338DE092C2A916F004DF6B5 /* Bipzon */,
				1338DE202C2A9170004DF6B5 /* BipzonTests */,
				1338DE2A2C2A9170004DF6B5 /* BipzonUITests */,
				1338DE082C2A916F004DF6B5 /* Products */,
				F2A22F10BB84041D95C19F3A /* Pods */,
				CD1F5BFF2D871EC3EB8F39E5 /* Frameworks */,
			);
			sourceTree = "<group>";
		};
		1338DE082C2A916F004DF6B5 /* Products */ = {
			isa = PBXGroup;
			children = (
				1338DE072C2A916F004DF6B5 /* Bipzon.app */,
				1338DE1D2C2A9170004DF6B5 /* BipzonTests.xctest */,
				1338DE272C2A9170004DF6B5 /* BipzonUITests.xctest */,
			);
			name = Products;
			sourceTree = "<group>";
		};
		1338DE092C2A916F004DF6B5 /* Bipzon */ = {
			isa = PBXGroup;
			children = (
				1338DE462C2AD348004DF6B5 /* Model */,
				1338DE472C2AD35C004DF6B5 /* View */,
				1338DE492C2AD377004DF6B5 /* ViewModel */,
				1338DE4A2C2AD383004DF6B5 /* Controller */,
				1338DE132C2A9170004DF6B5 /* Assets.xcassets */,
				1338DE182C2A9170004DF6B5 /* Info.plist */,
				1338DE3A2C2A94F0004DF6B5 /* GoogleService-Info.plist */,
			);
			path = Bipzon;
			sourceTree = "<group>";
		};
		1338DE202C2A9170004DF6B5 /* BipzonTests */ = {
			isa = PBXGroup;
			children = (
				1338DE212C2A9170004DF6B5 /* BipzonTests.swift */,
			);
			path = BipzonTests;
			sourceTree = "<group>";
		};
		1338DE2A2C2A9170004DF6B5 /* BipzonUITests */ = {
			isa = PBXGroup;
			children = (
				1338DE2B2C2A9170004DF6B5 /* BipzonUITests.swift */,
				1338DE2D2C2A9170004DF6B5 /* BipzonUITestsLaunchTests.swift */,
			);
			path = BipzonUITests;
			sourceTree = "<group>";
		};
		1338DE462C2AD348004DF6B5 /* Model */ = {
			isa = PBXGroup;
			children = (
				1338DE0A2C2A916F004DF6B5 /* AppDelegate.swift */,
				1338DE0C2C2A916F004DF6B5 /* SceneDelegate.swift */,
				1338DE402C2ACA3F004DF6B5 /* ProductModel.swift */,
			);
			path = Model;
			sourceTree = "<group>";
		};
		1338DE472C2AD35C004DF6B5 /* View */ = {
			isa = PBXGroup;
			children = (
				1338DE102C2A916F004DF6B5 /* Main.storyboard */,
				13DBF0B02C2B5E70000BE1FD /* ProductCollectionViewCell.swift */,
				13DBF0B12C2B5E70000BE1FD /* ProductCollectionViewCell.xib */,
				1338DE4B2C2ADC48004DF6B5 /* LaunchScreen.storyboard */,
			);
			path = View;
			sourceTree = "<group>";
		};
		1338DE492C2AD377004DF6B5 /* ViewModel */ = {
			isa = PBXGroup;
			children = (
				1338DE3E2C2AC97F004DF6B5 /* ProductApi.swift */,
			);
			path = ViewModel;
			sourceTree = "<group>";
		};
		1338DE4A2C2AD383004DF6B5 /* Controller */ = {
			isa = PBXGroup;
			children = (
				1338DE422C2AD300004DF6B5 /* RegisterViewController.swift */,
				1338DE442C2AD32A004DF6B5 /* LoginViewController.swift */,
				1338DE0E2C2A916F004DF6B5 /* ViewController.swift */,
				13DBF0AE2C2B5A70000BE1FD /* ShopViewController.swift */,
				13E1BADE2C2F5AD500F01F7B /* ProductDetailViewController.swift */,
			);
			path = Controller;
			sourceTree = "<group>";
		};
		CD1F5BFF2D871EC3EB8F39E5 /* Frameworks */ = {
			isa = PBXGroup;
			children = (
				82237731F729BFA78F01C45A /* Pods_Bipzon.framework */,
			);
			name = Frameworks;
			sourceTree = "<group>";
		};
		F2A22F10BB84041D95C19F3A /* Pods */ = {
			isa = PBXGroup;
			children = (
				A44450FA8102ADEEC85583E1 /* Pods-Bipzon.debug.xcconfig */,
				00DD4A5BD89AE67C98575ADF /* Pods-Bipzon.release.xcconfig */,
			);
			path = Pods;
			sourceTree = "<group>";
		};
/* End PBXGroup section */

/* Begin PBXNativeTarget section */
		1338DE062C2A916F004DF6B5 /* Bipzon */ = {
			isa = PBXNativeTarget;
			buildConfigurationList = 1338DE312C2A9170004DF6B5 /* Build configuration list for PBXNativeTarget "Bipzon" */;
			buildPhases = (
				50E7E574FAE152D5386A2BF7 /* [CP] Check Pods Manifest.lock */,
				1338DE032C2A916F004DF6B5 /* Sources */,
				1338DE042C2A916F004DF6B5 /* Frameworks */,
				1338DE052C2A916F004DF6B5 /* Resources */,
				7ABE9DF77B85E03387A64789 /* [CP] Embed Pods Frameworks */,
			);
			buildRules = (
			);
			dependencies = (
			);
			name = Bipzon;
			productName = Bipzon;
			productReference = 1338DE072C2A916F004DF6B5 /* Bipzon.app */;
			productType = "com.apple.product-type.application";
		};
		1338DE1C2C2A9170004DF6B5 /* BipzonTests */ = {
			isa = PBXNativeTarget;
			buildConfigurationList = 1338DE342C2A9170004DF6B5 /* Build configuration list for PBXNativeTarget "BipzonTests" */;
			buildPhases = (
				1338DE192C2A9170004DF6B5 /* Sources */,
				1338DE1A2C2A9170004DF6B5 /* Frameworks */,
				1338DE1B2C2A9170004DF6B5 /* Resources */,
			);
			buildRules = (
			);
			dependencies = (
				1338DE1F2C2A9170004DF6B5 /* PBXTargetDependency */,
			);
			name = BipzonTests;
			productName = BipzonTests;
			productReference = 1338DE1D2C2A9170004DF6B5 /* BipzonTests.xctest */;
			productType = "com.apple.product-type.bundle.unit-test";
		};
		1338DE262C2A9170004DF6B5 /* BipzonUITests */ = {
			isa = PBXNativeTarget;
			buildConfigurationList = 1338DE372C2A9170004DF6B5 /* Build configuration list for PBXNativeTarget "BipzonUITests" */;
			buildPhases = (
				1338DE232C2A9170004DF6B5 /* Sources */,
				1338DE242C2A9170004DF6B5 /* Frameworks */,
				1338DE252C2A9170004DF6B5 /* Resources */,
			);
			buildRules = (
			);
			dependencies = (
				1338DE292C2A9170004DF6B5 /* PBXTargetDependency */,
			);
			name = BipzonUITests;
			productName = BipzonUITests;
			productReference = 1338DE272C2A9170004DF6B5 /* BipzonUITests.xctest */;
			productType = "com.apple.product-type.bundle.ui-testing";
		};
/* End PBXNativeTarget section */

/* Begin PBXProject section */
		1338DDFF2C2A916F004DF6B5 /* Project object */ = {
			isa = PBXProject;
			attributes = {
				BuildIndependentTargetsInParallel = 1;
				LastSwiftUpdateCheck = 1520;
				LastUpgradeCheck = 1520;
				TargetAttributes = {
					1338DE062C2A916F004DF6B5 = {
						CreatedOnToolsVersion = 15.2;
					};
					1338DE1C2C2A9170004DF6B5 = {
						CreatedOnToolsVersion = 15.2;
						TestTargetID = 1338DE062C2A916F004DF6B5;
					};
					1338DE262C2A9170004DF6B5 = {
						CreatedOnToolsVersion = 15.2;
						TestTargetID = 1338DE062C2A916F004DF6B5;
					};
				};
			};
			buildConfigurationList = 1338DE022C2A916F004DF6B5 /* Build configuration list for PBXProject "Bipzon" */;
			compatibilityVersion = "Xcode 14.0";
			developmentRegion = en;
			hasScannedForEncodings = 0;
			knownRegions = (
				en,
				Base,
			);
			mainGroup = 1338DDFE2C2A916E004DF6B5;
			productRefGroup = 1338DE082C2A916F004DF6B5 /* Products */;
			projectDirPath = "";
			projectRoot = "";
			targets = (
				1338DE062C2A916F004DF6B5 /* Bipzon */,
				1338DE1C2C2A9170004DF6B5 /* BipzonTests */,
				1338DE262C2A9170004DF6B5 /* BipzonUITests */,
			);
		};
/* End PBXProject section */

/* Begin PBXResourcesBuildPhase section */
		1338DE052C2A916F004DF6B5 /* Resources */ = {
			isa = PBXResourcesBuildPhase;
			buildActionMask = 2147483647;
			files = (
				1338DE3B2C2A94F0004DF6B5 /* GoogleService-Info.plist in Resources */,
				1338DE4C2C2ADC48004DF6B5 /* LaunchScreen.storyboard in Resources */,
				13DBF0B32C2B5E70000BE1FD /* ProductCollectionViewCell.xib in Resources */,
				1338DE142C2A9170004DF6B5 /* Assets.xcassets in Resources */,
				1338DE122C2A916F004DF6B5 /* Main.storyboard in Resources */,
			);
			runOnlyForDeploymentPostprocessing = 0;
		};
		1338DE1B2C2A9170004DF6B5 /* Resources */ = {
			isa = PBXResourcesBuildPhase;
			buildActionMask = 2147483647;
			files = (
			);
			runOnlyForDeploymentPostprocessing = 0;
		};
		1338DE252C2A9170004DF6B5 /* Resources */ = {
			isa = PBXResourcesBuildPhase;
			buildActionMask = 2147483647;
			files = (
			);
			runOnlyForDeploymentPostprocessing = 0;
		};
/* End PBXResourcesBuildPhase section */

/* Begin PBXShellScriptBuildPhase section */
		50E7E574FAE152D5386A2BF7 /* [CP] Check Pods Manifest.lock */ = {
			isa = PBXShellScriptBuildPhase;
			buildActionMask = 2147483647;
			files = (
			);
			inputFileListPaths = (
			);
			inputPaths = (
				"${PODS_PODFILE_DIR_PATH}/Podfile.lock",
				"${PODS_ROOT}/Manifest.lock",
			);
			name = "[CP] Check Pods Manifest.lock";
			outputFileListPaths = (
			);
			outputPaths = (
				"$(DERIVED_FILE_DIR)/Pods-Bipzon-checkManifestLockResult.txt",
			);
			runOnlyForDeploymentPostprocessing = 0;
			shellPath = /bin/sh;
			shellScript = "diff \"${PODS_PODFILE_DIR_PATH}/Podfile.lock\" \"${PODS_ROOT}/Manifest.lock\" > /dev/null\nif [ $? != 0 ] ; then\n    # print error to STDERR\n    echo \"error: The sandbox is not in sync with the Podfile.lock. Run 'pod install' or update your CocoaPods installation.\" >&2\n    exit 1\nfi\n# This output is used by Xcode 'outputs' to avoid re-running this script phase.\necho \"SUCCESS\" > \"${SCRIPT_OUTPUT_FILE_0}\"\n";
			showEnvVarsInLog = 0;
		};
		7ABE9DF77B85E03387A64789 /* [CP] Embed Pods Frameworks */ = {
			isa = PBXShellScriptBuildPhase;
			buildActionMask = 2147483647;
			files = (
			);
			inputFileListPaths = (
				"${PODS_ROOT}/Target Support Files/Pods-Bipzon/Pods-Bipzon-frameworks-${CONFIGURATION}-input-files.xcfilelist",
			);
			name = "[CP] Embed Pods Frameworks";
			outputFileListPaths = (
				"${PODS_ROOT}/Target Support Files/Pods-Bipzon/Pods-Bipzon-frameworks-${CONFIGURATION}-output-files.xcfilelist",
			);
			runOnlyForDeploymentPostprocessing = 0;
			shellPath = /bin/sh;
			shellScript = "\"${PODS_ROOT}/Target Support Files/Pods-Bipzon/Pods-Bipzon-frameworks.sh\"\n";
			showEnvVarsInLog = 0;
		};
/* End PBXShellScriptBuildPhase section */

/* Begin PBXSourcesBuildPhase section */
		1338DE032C2A916F004DF6B5 /* Sources */ = {
			isa = PBXSourcesBuildPhase;
			buildActionMask = 2147483647;
			files = (
				1338DE452C2AD32A004DF6B5 /* LoginViewController.swift in Sources */,
				1338DE0F2C2A916F004DF6B5 /* ViewController.swift in Sources */,
				1338DE0B2C2A916F004DF6B5 /* AppDelegate.swift in Sources */,
				1338DE3F2C2AC97F004DF6B5 /* ProductApi.swift in Sources */,
				13DBF0AF2C2B5A70000BE1FD /* ShopViewController.swift in Sources */,
				1338DE432C2AD300004DF6B5 /* RegisterViewController.swift in Sources */,
				1338DE0D2C2A916F004DF6B5 /* SceneDelegate.swift in Sources */,
				13E1BADF2C2F5AD500F01F7B /* ProductDetailViewController.swift in Sources */,
				13DBF0B22C2B5E70000BE1FD /* ProductCollectionViewCell.swift in Sources */,
				1338DE412C2ACA3F004DF6B5 /* ProductModel.swift in Sources */,
			);
			runOnlyForDeploymentPostprocessing = 0;
		};
		1338DE192C2A9170004DF6B5 /* Sources */ = {
			isa = PBXSourcesBuildPhase;
			buildActionMask = 2147483647;
			files = (
				1338DE222C2A9170004DF6B5 /* BipzonTests.swift in Sources */,
			);
			runOnlyForDeploymentPostprocessing = 0;
		};
		1338DE232C2A9170004DF6B5 /* Sources */ = {
			isa = PBXSourcesBuildPhase;
			buildActionMask = 2147483647;
			files = (
				1338DE2E2C2A9170004DF6B5 /* BipzonUITestsLaunchTests.swift in Sources */,
				1338DE2C2C2A9170004DF6B5 /* BipzonUITests.swift in Sources */,
			);
			runOnlyForDeploymentPostprocessing = 0;
		};
/* End PBXSourcesBuildPhase section */

/* Begin PBXTargetDependency section */
		1338DE1F2C2A9170004DF6B5 /* PBXTargetDependency */ = {
			isa = PBXTargetDependency;
			target = 1338DE062C2A916F004DF6B5 /* Bipzon */;
			targetProxy = 1338DE1E2C2A9170004DF6B5 /* PBXContainerItemProxy */;
		};
		1338DE292C2A9170004DF6B5 /* PBXTargetDependency */ = {
			isa = PBXTargetDependency;
			target = 1338DE062C2A916F004DF6B5 /* Bipzon */;
			targetProxy = 1338DE282C2A9170004DF6B5 /* PBXContainerItemProxy */;
		};
/* End PBXTargetDependency section */

/* Begin PBXVariantGroup section */
		1338DE102C2A916F004DF6B5 /* Main.storyboard */ = {
			isa = PBXVariantGroup;
			children = (
				1338DE112C2A916F004DF6B5 /* Base */,
			);
			name = Main.storyboard;
			sourceTree = "<group>";
		};
/* End PBXVariantGroup section */

/* Begin XCBuildConfiguration section */
		1338DE2F2C2A9170004DF6B5 /* Debug */ = {
			isa = XCBuildConfiguration;
			buildSettings = {
				ALWAYS_SEARCH_USER_PATHS = NO;
				ASSETCATALOG_COMPILER_GENERATE_SWIFT_ASSET_SYMBOL_EXTENSIONS = YES;
				CLANG_ANALYZER_NONNULL = YES;
				CLANG_ANALYZER_NUMBER_OBJECT_CONVERSION = YES_AGGRESSIVE;
				CLANG_CXX_LANGUAGE_STANDARD = "gnu++20";
				CLANG_ENABLE_MODULES = YES;
				CLANG_ENABLE_OBJC_ARC = YES;
				CLANG_ENABLE_OBJC_WEAK = YES;
				CLANG_WARN_BLOCK_CAPTURE_AUTORELEASING = YES;
				CLANG_WARN_BOOL_CONVERSION = YES;
				CLANG_WARN_COMMA = YES;
				CLANG_WARN_CONSTANT_CONVERSION = YES;
				CLANG_WARN_DEPRECATED_OBJC_IMPLEMENTATIONS = YES;
				CLANG_WARN_DIRECT_OBJC_ISA_USAGE = YES_ERROR;
				CLANG_WARN_DOCUMENTATION_COMMENTS = YES;
				CLANG_WARN_EMPTY_BODY = YES;
				CLANG_WARN_ENUM_CONVERSION = YES;
				CLANG_WARN_INFINITE_RECURSION = YES;
				CLANG_WARN_INT_CONVERSION = YES;
				CLANG_WARN_NON_LITERAL_NULL_CONVERSION = YES;
				CLANG_WARN_OBJC_IMPLICIT_RETAIN_SELF = YES;
				CLANG_WARN_OBJC_LITERAL_CONVERSION = YES;
				CLANG_WARN_OBJC_ROOT_CLASS = YES_ERROR;
				CLANG_WARN_QUOTED_INCLUDE_IN_FRAMEWORK_HEADER = YES;
				CLANG_WARN_RANGE_LOOP_ANALYSIS = YES;
				CLANG_WARN_STRICT_PROTOTYPES = YES;
				CLANG_WARN_SUSPICIOUS_MOVE = YES;
				CLANG_WARN_UNGUARDED_AVAILABILITY = YES_AGGRESSIVE;
				CLANG_WARN_UNREACHABLE_CODE = YES;
				CLANG_WARN__DUPLICATE_METHOD_MATCH = YES;
				COPY_PHASE_STRIP = NO;
				DEBUG_INFORMATION_FORMAT = dwarf;
				ENABLE_STRICT_OBJC_MSGSEND = YES;
				ENABLE_TESTABILITY = YES;
				ENABLE_USER_SCRIPT_SANDBOXING = NO;
				GCC_C_LANGUAGE_STANDARD = gnu17;
				GCC_DYNAMIC_NO_PIC = NO;
				GCC_NO_COMMON_BLOCKS = YES;
				GCC_OPTIMIZATION_LEVEL = 0;
				GCC_PREPROCESSOR_DEFINITIONS = (
					"DEBUG=1",
					"$(inherited)",
				);
				GCC_WARN_64_TO_32_BIT_CONVERSION = YES;
				GCC_WARN_ABOUT_RETURN_TYPE = YES_ERROR;
				GCC_WARN_UNDECLARED_SELECTOR = YES;
				GCC_WARN_UNINITIALIZED_AUTOS = YES_AGGRESSIVE;
				GCC_WARN_UNUSED_FUNCTION = YES;
				GCC_WARN_UNUSED_VARIABLE = YES;
				IPHONEOS_DEPLOYMENT_TARGET = 17.2;
				LOCALIZATION_PREFERS_STRING_CATALOGS = YES;
				MTL_ENABLE_DEBUG_INFO = INCLUDE_SOURCE;
				MTL_FAST_MATH = YES;
				ONLY_ACTIVE_ARCH = YES;
				SDKROOT = iphoneos;
				SWIFT_ACTIVE_COMPILATION_CONDITIONS = "DEBUG $(inherited)";
				SWIFT_OPTIMIZATION_LEVEL = "-Onone";
			};
			name = Debug;
		};
		1338DE302C2A9170004DF6B5 /* Release */ = {
			isa = XCBuildConfiguration;
			buildSettings = {
				ALWAYS_SEARCH_USER_PATHS = NO;
				ASSETCATALOG_COMPILER_GENERATE_SWIFT_ASSET_SYMBOL_EXTENSIONS = YES;
				CLANG_ANALYZER_NONNULL = YES;
				CLANG_ANALYZER_NUMBER_OBJECT_CONVERSION = YES_AGGRESSIVE;
				CLANG_CXX_LANGUAGE_STANDARD = "gnu++20";
				CLANG_ENABLE_MODULES = YES;
				CLANG_ENABLE_OBJC_ARC = YES;
				CLANG_ENABLE_OBJC_WEAK = YES;
				CLANG_WARN_BLOCK_CAPTURE_AUTORELEASING = YES;
				CLANG_WARN_BOOL_CONVERSION = YES;
				CLANG_WARN_COMMA = YES;
				CLANG_WARN_CONSTANT_CONVERSION = YES;
				CLANG_WARN_DEPRECATED_OBJC_IMPLEMENTATIONS = YES;
				CLANG_WARN_DIRECT_OBJC_ISA_USAGE = YES_ERROR;
				CLANG_WARN_DOCUMENTATION_COMMENTS = YES;
				CLANG_WARN_EMPTY_BODY = YES;
				CLANG_WARN_ENUM_CONVERSION = YES;
				CLANG_WARN_INFINITE_RECURSION = YES;
				CLANG_WARN_INT_CONVERSION = YES;
				CLANG_WARN_NON_LITERAL_NULL_CONVERSION = YES;
				CLANG_WARN_OBJC_IMPLICIT_RETAIN_SELF = YES;
				CLANG_WARN_OBJC_LITERAL_CONVERSION = YES;
				CLANG_WARN_OBJC_ROOT_CLASS = YES_ERROR;
				CLANG_WARN_QUOTED_INCLUDE_IN_FRAMEWORK_HEADER = YES;
				CLANG_WARN_RANGE_LOOP_ANALYSIS = YES;
				CLANG_WARN_STRICT_PROTOTYPES = YES;
				CLANG_WARN_SUSPICIOUS_MOVE = YES;
				CLANG_WARN_UNGUARDED_AVAILABILITY = YES_AGGRESSIVE;
				CLANG_WARN_UNREACHABLE_CODE = YES;
				CLANG_WARN__DUPLICATE_METHOD_MATCH = YES;
				COPY_PHASE_STRIP = NO;
				DEBUG_INFORMATION_FORMAT = "dwarf-with-dsym";
				ENABLE_NS_ASSERTIONS = NO;
				ENABLE_STRICT_OBJC_MSGSEND = YES;
				ENABLE_USER_SCRIPT_SANDBOXING = NO;
				GCC_C_LANGUAGE_STANDARD = gnu17;
				GCC_NO_COMMON_BLOCKS = YES;
				GCC_WARN_64_TO_32_BIT_CONVERSION = YES;
				GCC_WARN_ABOUT_RETURN_TYPE = YES_ERROR;
				GCC_WARN_UNDECLARED_SELECTOR = YES;
				GCC_WARN_UNINITIALIZED_AUTOS = YES_AGGRESSIVE;
				GCC_WARN_UNUSED_FUNCTION = YES;
				GCC_WARN_UNUSED_VARIABLE = YES;
				IPHONEOS_DEPLOYMENT_TARGET = 17.2;
				LOCALIZATION_PREFERS_STRING_CATALOGS = YES;
				MTL_ENABLE_DEBUG_INFO = NO;
				MTL_FAST_MATH = YES;
				SDKROOT = iphoneos;
				SWIFT_COMPILATION_MODE = wholemodule;
				VALIDATE_PRODUCT = YES;
			};
			name = Release;
		};
		1338DE322C2A9170004DF6B5 /* Debug */ = {
			isa = XCBuildConfiguration;
			baseConfigurationReference = A44450FA8102ADEEC85583E1 /* Pods-Bipzon.debug.xcconfig */;
			buildSettings = {
				ASSETCATALOG_COMPILER_APPICON_NAME = AppIcon;
				ASSETCATALOG_COMPILER_GLOBAL_ACCENT_COLOR_NAME = AccentColor;
				CODE_SIGN_STYLE = Automatic;
				CURRENT_PROJECT_VERSION = 1;
				DEVELOPMENT_TEAM = UBFVU3486F;
				GENERATE_INFOPLIST_FILE = YES;
				INFOPLIST_FILE = Bipzon/Info.plist;
				INFOPLIST_KEY_UIApplicationSupportsIndirectInputEvents = YES;
				INFOPLIST_KEY_UILaunchStoryboardName = LaunchScreen;
				INFOPLIST_KEY_UIMainStoryboardFile = Main;
				INFOPLIST_KEY_UISupportedInterfaceOrientations_iPad = "UIInterfaceOrientationPortrait UIInterfaceOrientationPortraitUpsideDown UIInterfaceOrientationLandscapeLeft UIInterfaceOrientationLandscapeRight";
				INFOPLIST_KEY_UISupportedInterfaceOrientations_iPhone = "UIInterfaceOrientationPortrait UIInterfaceOrientationLandscapeLeft UIInterfaceOrientationLandscapeRight";
				LD_RUNPATH_SEARCH_PATHS = (
					"$(inherited)",
					"@executable_path/Frameworks",
				);
				MARKETING_VERSION = 1.0;
				PRODUCT_BUNDLE_IDENTIFIER = com.biswa.Bipzon;
				PRODUCT_NAME = "$(TARGET_NAME)";
				SWIFT_EMIT_LOC_STRINGS = YES;
				SWIFT_VERSION = 5.0;
				TARGETED_DEVICE_FAMILY = "1,2";
			};
			name = Debug;
		};
		1338DE332C2A9170004DF6B5 /* Release */ = {
			isa = XCBuildConfiguration;
			baseConfigurationReference = 00DD4A5BD89AE67C98575ADF /* Pods-Bipzon.release.xcconfig */;
			buildSettings = {
				ASSETCATALOG_COMPILER_APPICON_NAME = AppIcon;
				ASSETCATALOG_COMPILER_GLOBAL_ACCENT_COLOR_NAME = AccentColor;
				CODE_SIGN_STYLE = Automatic;
				CURRENT_PROJECT_VERSION = 1;
				DEVELOPMENT_TEAM = UBFVU3486F;
				GENERATE_INFOPLIST_FILE = YES;
				INFOPLIST_FILE = Bipzon/Info.plist;
				INFOPLIST_KEY_UIApplicationSupportsIndirectInputEvents = YES;
				INFOPLIST_KEY_UILaunchStoryboardName = LaunchScreen;
				INFOPLIST_KEY_UIMainStoryboardFile = Main;
				INFOPLIST_KEY_UISupportedInterfaceOrientations_iPad = "UIInterfaceOrientationPortrait UIInterfaceOrientationPortraitUpsideDown UIInterfaceOrientationLandscapeLeft UIInterfaceOrientationLandscapeRight";
				INFOPLIST_KEY_UISupportedInterfaceOrientations_iPhone = "UIInterfaceOrientationPortrait UIInterfaceOrientationLandscapeLeft UIInterfaceOrientationLandscapeRight";
				LD_RUNPATH_SEARCH_PATHS = (
					"$(inherited)",
					"@executable_path/Frameworks",
				);
				MARKETING_VERSION = 1.0;
				PRODUCT_BUNDLE_IDENTIFIER = com.biswa.Bipzon;
				PRODUCT_NAME = "$(TARGET_NAME)";
				SWIFT_EMIT_LOC_STRINGS = YES;
				SWIFT_VERSION = 5.0;
				TARGETED_DEVICE_FAMILY = "1,2";
			};
			name = Release;
		};
		1338DE352C2A9170004DF6B5 /* Debug */ = {
			isa = XCBuildConfiguration;
			buildSettings = {
				ALWAYS_EMBED_SWIFT_STANDARD_LIBRARIES = YES;
				BUNDLE_LOADER = "$(TEST_HOST)";
				CODE_SIGN_STYLE = Automatic;
				CURRENT_PROJECT_VERSION = 1;
				DEVELOPMENT_TEAM = UBFVU3486F;
				GENERATE_INFOPLIST_FILE = YES;
				IPHONEOS_DEPLOYMENT_TARGET = 17.2;
				MARKETING_VERSION = 1.0;
				PRODUCT_BUNDLE_IDENTIFIER = com.biswa.BipzonTests;
				PRODUCT_NAME = "$(TARGET_NAME)";
				SWIFT_EMIT_LOC_STRINGS = NO;
				SWIFT_VERSION = 5.0;
				TARGETED_DEVICE_FAMILY = "1,2";
				TEST_HOST = "$(BUILT_PRODUCTS_DIR)/Bipzon.app/$(BUNDLE_EXECUTABLE_FOLDER_PATH)/Bipzon";
			};
			name = Debug;
		};
		1338DE362C2A9170004DF6B5 /* Release */ = {
			isa = XCBuildConfiguration;
			buildSettings = {
				ALWAYS_EMBED_SWIFT_STANDARD_LIBRARIES = YES;
				BUNDLE_LOADER = "$(TEST_HOST)";
				CODE_SIGN_STYLE = Automatic;
				CURRENT_PROJECT_VERSION = 1;
				DEVELOPMENT_TEAM = UBFVU3486F;
				GENERATE_INFOPLIST_FILE = YES;
				IPHONEOS_DEPLOYMENT_TARGET = 17.2;
				MARKETING_VERSION = 1.0;
				PRODUCT_BUNDLE_IDENTIFIER = com.biswa.BipzonTests;
				PRODUCT_NAME = "$(TARGET_NAME)";
				SWIFT_EMIT_LOC_STRINGS = NO;
				SWIFT_VERSION = 5.0;
				TARGETED_DEVICE_FAMILY = "1,2";
				TEST_HOST = "$(BUILT_PRODUCTS_DIR)/Bipzon.app/$(BUNDLE_EXECUTABLE_FOLDER_PATH)/Bipzon";
			};
			name = Release;
		};
		1338DE382C2A9170004DF6B5 /* Debug */ = {
			isa = XCBuildConfiguration;
			buildSettings = {
				ALWAYS_EMBED_SWIFT_STANDARD_LIBRARIES = YES;
				CODE_SIGN_STYLE = Automatic;
				CURRENT_PROJECT_VERSION = 1;
				DEVELOPMENT_TEAM = UBFVU3486F;
				GENERATE_INFOPLIST_FILE = YES;
				MARKETING_VERSION = 1.0;
				PRODUCT_BUNDLE_IDENTIFIER = com.biswa.BipzonUITests;
				PRODUCT_NAME = "$(TARGET_NAME)";
				SWIFT_EMIT_LOC_STRINGS = NO;
				SWIFT_VERSION = 5.0;
				TARGETED_DEVICE_FAMILY = "1,2";
				TEST_TARGET_NAME = Bipzon;
			};
			name = Debug;
		};
		1338DE392C2A9170004DF6B5 /* Release */ = {
			isa = XCBuildConfiguration;
			buildSettings = {
				ALWAYS_EMBED_SWIFT_STANDARD_LIBRARIES = YES;
				CODE_SIGN_STYLE = Automatic;
				CURRENT_PROJECT_VERSION = 1;
				DEVELOPMENT_TEAM = UBFVU3486F;
				GENERATE_INFOPLIST_FILE = YES;
				MARKETING_VERSION = 1.0;
				PRODUCT_BUNDLE_IDENTIFIER = com.biswa.BipzonUITests;
				PRODUCT_NAME = "$(TARGET_NAME)";
				SWIFT_EMIT_LOC_STRINGS = NO;
				SWIFT_VERSION = 5.0;
				TARGETED_DEVICE_FAMILY = "1,2";
				TEST_TARGET_NAME = Bipzon;
			};
			name = Release;
		};
/* End XCBuildConfiguration section */

/* Begin XCConfigurationList section */
		1338DE022C2A916F004DF6B5 /* Build configuration list for PBXProject "Bipzon" */ = {
			isa = XCConfigurationList;
			buildConfigurations = (
				1338DE2F2C2A9170004DF6B5 /* Debug */,
				1338DE302C2A9170004DF6B5 /* Release */,
			);
			defaultConfigurationIsVisible = 0;
			defaultConfigurationName = Release;
		};
		1338DE312C2A9170004DF6B5 /* Build configuration list for PBXNativeTarget "Bipzon" */ = {
			isa = XCConfigurationList;
			buildConfigurations = (
				1338DE322C2A9170004DF6B5 /* Debug */,
				1338DE332C2A9170004DF6B5 /* Release */,
			);
			defaultConfigurationIsVisible = 0;
			defaultConfigurationName = Release;
		};
		1338DE342C2A9170004DF6B5 /* Build configuration list for PBXNativeTarget "BipzonTests" */ = {
			isa = XCConfigurationList;
			buildConfigurations = (
				1338DE352C2A9170004DF6B5 /* Debug */,
				1338DE362C2A9170004DF6B5 /* Release */,
			);
			defaultConfigurationIsVisible = 0;
			defaultConfigurationName = Release;
		};
		1338DE372C2A9170004DF6B5 /* Build configuration list for PBXNativeTarget "BipzonUITests" */ = {
			isa = XCConfigurationList;
			buildConfigurations = (
				1338DE382C2A9170004DF6B5 /* Debug */,
				1338DE392C2A9170004DF6B5 /* Release */,
			);
			defaultConfigurationIsVisible = 0;
			defaultConfigurationName = Release;
		};
/* End XCConfigurationList section */
	};
	rootObject = 1338DDFF2C2A916F004DF6B5 /* Project object */;
}
